// !$*UTF8*$!
{
	archiveVersion = 1;
	classes = {
	};
	objectVersion = 50;
	objects = {

/* Begin PBXBuildFile section */
		D9528309211032B100174DC9 /* AppDelegate.swift in Sources */ = {isa = PBXBuildFile; fileRef = D9528308211032B100174DC9 /* AppDelegate.swift */; };
		D952830B211032B100174DC9 /* ViewController.swift in Sources */ = {isa = PBXBuildFile; fileRef = D952830A211032B100174DC9 /* ViewController.swift */; };
		D952830E211032B100174DC9 /* Main.storyboard in Resources */ = {isa = PBXBuildFile; fileRef = D952830C211032B100174DC9 /* Main.storyboard */; };
		D9528311211032B100174DC9 /* note_saver.xcdatamodeld in Sources */ = {isa = PBXBuildFile; fileRef = D952830F211032B100174DC9 /* note_saver.xcdatamodeld */; };
		D9528313211032B200174DC9 /* Assets.xcassets in Resources */ = {isa = PBXBuildFile; fileRef = D9528312211032B200174DC9 /* Assets.xcassets */; };
		D9528316211032B200174DC9 /* LaunchScreen.storyboard in Resources */ = {isa = PBXBuildFile; fileRef = D9528314211032B200174DC9 /* LaunchScreen.storyboard */; };
		D952831E21104EAE00174DC9 /* detailsViewController.swift in Sources */ = {isa = PBXBuildFile; fileRef = D952831D21104EAE00174DC9 /* detailsViewController.swift */; };
		D952832021104EE900174DC9 /* CellClass.swift in Sources */ = {isa = PBXBuildFile; fileRef = D952831F21104EE900174DC9 /* CellClass.swift */; };
		D952832221106EA200174DC9 /* addViewController.swift in Sources */ = {isa = PBXBuildFile; fileRef = D952832121106EA200174DC9 /* addViewController.swift */; };
		D952832F211193CE00174DC9 /* GeneralEntity+CoreDataClass.swift in Sources */ = {isa = PBXBuildFile; fileRef = D952832D211193CE00174DC9 /* GeneralEntity+CoreDataClass.swift */; };
		D9528330211193CE00174DC9 /* GeneralEntity+CoreDataProperties.swift in Sources */ = {isa = PBXBuildFile; fileRef = D952832E211193CE00174DC9 /* GeneralEntity+CoreDataProperties.swift */; };
/* End PBXBuildFile section */

/* Begin PBXFileReference section */
		D9528305211032B100174DC9 /* note saver.app */ = {isa = PBXFileReference; explicitFileType = wrapper.application; includeInIndex = 0; path = "note saver.app"; sourceTree = BUILT_PRODUCTS_DIR; };
		D9528308211032B100174DC9 /* AppDelegate.swift */ = {isa = PBXFileReference; lastKnownFileType = sourcecode.swift; path = AppDelegate.swift; sourceTree = "<group>"; };
		D952830A211032B100174DC9 /* ViewController.swift */ = {isa = PBXFileReference; lastKnownFileType = sourcecode.swift; path = ViewController.swift; sourceTree = "<group>"; };
		D952830D211032B100174DC9 /* Base */ = {isa = PBXFileReference; lastKnownFileType = file.storyboard; name = Base; path = Base.lproj/Main.storyboard; sourceTree = "<group>"; };
		D9528310211032B100174DC9 /* note_saver.xcdatamodel */ = {isa = PBXFileReference; lastKnownFileType = wrapper.xcdatamodel; path = note_saver.xcdatamodel; sourceTree = "<group>"; };
		D9528312211032B200174DC9 /* Assets.xcassets */ = {isa = PBXFileReference; lastKnownFileType = folder.assetcatalog; path = Assets.xcassets; sourceTree = "<group>"; };
		D9528315211032B200174DC9 /* Base */ = {isa = PBXFileReference; lastKnownFileType = file.storyboard; name = Base; path = Base.lproj/LaunchScreen.storyboard; sourceTree = "<group>"; };
		D9528317211032B200174DC9 /* Info.plist */ = {isa = PBXFileReference; lastKnownFileType = text.plist.xml; path = Info.plist; sourceTree = "<group>"; };
		D952831D21104EAE00174DC9 /* detailsViewController.swift */ = {isa = PBXFileReference; lastKnownFileType = sourcecode.swift; path = detailsViewController.swift; sourceTree = "<group>"; };
		D952831F21104EE900174DC9 /* CellClass.swift */ = {isa = PBXFileReference; lastKnownFileType = sourcecode.swift; path = CellClass.swift; sourceTree = "<group>"; };
		D952832121106EA200174DC9 /* addViewController.swift */ = {isa = PBXFileReference; lastKnownFileType = sourcecode.swift; path = addViewController.swift; sourceTree = "<group>"; };
		D952832D211193CE00174DC9 /* GeneralEntity+CoreDataClass.swift */ = {isa = PBXFileReference; lastKnownFileType = sourcecode.swift; path = "GeneralEntity+CoreDataClass.swift"; sourceTree = "<group>"; };
		D952832E211193CE00174DC9 /* GeneralEntity+CoreDataProperties.swift */ = {isa = PBXFileReference; lastKnownFileType = sourcecode.swift; path = "GeneralEntity+CoreDataProperties.swift"; sourceTree = "<group>"; };
/* End PBXFileReference section */

/* Begin PBXFrameworksBuildPhase section */
		D9528302211032B100174DC9 /* Frameworks */ = {
			isa = PBXFrameworksBuildPhase;
			buildActionMask = 2147483647;
			files = (
			);
			runOnlyForDeploymentPostprocessing = 0;
		};
/* End PBXFrameworksBuildPhase section */

/* Begin PBXGroup section */
		D95282FC211032B100174DC9 = {
			isa = PBXGroup;
			children = (
				D9528307211032B100174DC9 /* note saver */,
				D9528306211032B100174DC9 /* Products */,
			);
			sourceTree = "<group>";
		};
		D9528306211032B100174DC9 /* Products */ = {
			isa = PBXGroup;
			children = (
				D9528305211032B100174DC9 /* note saver.app */,
			);
			name = Products;
			sourceTree = "<group>";
		};
		D9528307211032B100174DC9 /* note saver */ = {
			isa = PBXGroup;
			children = (
				D952832D211193CE00174DC9 /* GeneralEntity+CoreDataClass.swift */,
				D952832E211193CE00174DC9 /* GeneralEntity+CoreDataProperties.swift */,
				D9528308211032B100174DC9 /* AppDelegate.swift */,
				D952830A211032B100174DC9 /* ViewController.swift */,
				D952831D21104EAE00174DC9 /* detailsViewController.swift */,
				D952832121106EA200174DC9 /* addViewController.swift */,
				D952831F21104EE900174DC9 /* CellClass.swift */,
				D952830C211032B100174DC9 /* Main.storyboard */,
				D9528312211032B200174DC9 /* Assets.xcassets */,
				D9528314211032B200174DC9 /* LaunchScreen.storyboard */,
				D9528317211032B200174DC9 /* Info.plist */,
				D952830F211032B100174DC9 /* note_saver.xcdatamodeld */,
			);
			path = "note saver";
			sourceTree = "<group>";
		};
/* End PBXGroup section */

/* Begin PBXNativeTarget section */
		D9528304211032B100174DC9 /* note saver */ = {
			isa = PBXNativeTarget;
			buildConfigurationList = D952831A211032B200174DC9 /* Build configuration list for PBXNativeTarget "note saver" */;
			buildPhases = (
				D9528301211032B100174DC9 /* Sources */,
				D9528302211032B100174DC9 /* Frameworks */,
				D9528303211032B100174DC9 /* Resources */,
			);
			buildRules = (
			);
			dependencies = (
			);
			name = "note saver";
			productName = "note saver";
			productReference = D9528305211032B100174DC9 /* note saver.app */;
			productType = "com.apple.product-type.application";
		};
/* End PBXNativeTarget section */

/* Begin PBXProject section */
		D95282FD211032B100174DC9 /* Project object */ = {
			isa = PBXProject;
			attributes = {
				LastSwiftUpdateCheck = 0930;
				LastUpgradeCheck = 0930;
				ORGANIZATIONNAME = aidin;
				TargetAttributes = {
					D9528304211032B100174DC9 = {
						CreatedOnToolsVersion = 9.3.1;
					};
				};
			};
			buildConfigurationList = D9528300211032B100174DC9 /* Build configuration list for PBXProject "note saver" */;
			compatibilityVersion = "Xcode 9.3";
			developmentRegion = en;
			hasScannedForEncodings = 0;
			knownRegions = (
				en,
				Base,
			);
			mainGroup = D95282FC211032B100174DC9;
			productRefGroup = D9528306211032B100174DC9 /* Products */;
			projectDirPath = "";
			projectRoot = "";
			targets = (
				D9528304211032B100174DC9 /* note saver */,
			);
		};
/* End PBXProject section */

/* Begin PBXResourcesBuildPhase section */
		D9528303211032B100174DC9 /* Resources */ = {
			isa = PBXResourcesBuildPhase;
			buildActionMask = 2147483647;
			files = (
				D9528316211032B200174DC9 /* LaunchScreen.storyboard in Resources */,
				D9528313211032B200174DC9 /* Assets.xcassets in Resources */,
				D952830E211032B100174DC9 /* Main.storyboard in Resources */,
			);
			runOnlyForDeploymentPostprocessing = 0;
		};
/* End PBXResourcesBuildPhase section */

/* Begin PBXSourcesBuildPhase section */
		D9528301211032B100174DC9 /* Sources */ = {
			isa = PBXSourcesBuildPhase;
			buildActionMask = 2147483647;
			files = (
				D952832021104EE900174DC9 /* CellClass.swift in Sources */,
				D952832F211193CE00174DC9 /* GeneralEntity+CoreDataClass.swift in Sources */,
				D952830B211032B100174DC9 /* ViewController.swift in Sources */,
				D9528311211032B100174DC9 /* note_saver.xcdatamodeld in Sources */,
				D9528309211032B100174DC9 /* AppDelegate.swift in Sources */,
				D9528330211193CE00174DC9 /* GeneralEntity+CoreDataProperties.swift in Sources */,
				D952832221106EA200174DC9 /* addViewController.swift in Sources */,
				D952831E21104EAE00174DC9 /* detailsViewController.swift in Sources */,
			);
			runOnlyForDeploymentPostprocessing = 0;
		};
/* End PBXSourcesBuildPhase section */

/* Begin PBXVariantGroup section */
		D952830C211032B100174DC9 /* Main.storyboard */ = {
			isa = PBXVariantGroup;
			children = (
				D952830D211032B100174DC9 /* Base */,
			);
			name = Main.storyboard;
			sourceTree = "<group>";
		};
		D9528314211032B200174DC9 /* LaunchScreen.storyboard */ = {
			isa = PBXVariantGroup;
			children = (
				D9528315211032B200174DC9 /* Base */,
			);
			name = LaunchScreen.storyboard;
			sourceTree = "<group>";
		};
/* End PBXVariantGroup section */

/* Begin XCBuildConfiguration section */
		D9528318211032B200174DC9 /* Debug */ = {
			isa = XCBuildConfiguration;
			buildSettings = {
				ALWAYS_SEARCH_USER_PATHS = NO;
				CLANG_ANALYZER_NONNULL = YES;
				CLANG_ANALYZER_NUMBER_OBJECT_CONVERSION = YES_AGGRESSIVE;
				CLANG_CXX_LANGUAGE_STANDARD = "gnu++14";
				CLANG_CXX_LIBRARY = "libc++";
				CLANG_ENABLE_MODULES = YES;
				CLANG_ENABLE_OBJC_ARC = YES;
				CLANG_ENABLE_OBJC_WEAK = YES;
				CLANG_WARN_BLOCK_CAPTURE_AUTORELEASING = YES;
				CLANG_WARN_BOOL_CONVERSION = YES;
				CLANG_WARN_COMMA = YES;
				CLANG_WARN_CONSTANT_CONVERSION = YES;
				CLANG_WARN_DEPRECATED_OBJC_IMPLEMENTATIONS = YES;
				CLANG_WARN_DIRECT_OBJC_ISA_USAGE = YES_ERROR;
				CLANG_WARN_DOCUMENTATION_COMMENTS = YES;
				CLANG_WARN_EMPTY_BODY = YES;
				CLANG_WARN_ENUM_CONVERSION = YES;
				CLANG_WARN_INFINITE_RECURSION = YES;
				CLANG_WARN_INT_CONVERSION = YES;
				CLANG_WARN_NON_LITERAL_NULL_CONVERSION = YES;
				CLANG_WARN_OBJC_IMPLICIT_RETAIN_SELF = YES;
				CLANG_WARN_OBJC_LITERAL_CONVERSION = YES;
				CLANG_WARN_OBJC_ROOT_CLASS = YES_ERROR;
				CLANG_WARN_RANGE_LOOP_ANALYSIS = YES;
				CLANG_WARN_STRICT_PROTOTYPES = YES;
				CLANG_WARN_SUSPICIOUS_MOVE = YES;
				CLANG_WARN_UNGUARDED_AVAILABILITY = YES_AGGRESSIVE;
				CLANG_WARN_UNREACHABLE_CODE = YES;
				CLANG_WARN__DUPLICATE_METHOD_MATCH = YES;
				CODE_SIGN_IDENTITY = "iPhone Developer";
				COPY_PHASE_STRIP = NO;
				DEBUG_INFORMATION_FORMAT = dwarf;
				ENABLE_STRICT_OBJC_MSGSEND = YES;
				ENABLE_TESTABILITY = YES;
				GCC_C_LANGUAGE_STANDARD = gnu11;
				GCC_DYNAMIC_NO_PIC = NO;
				GCC_NO_COMMON_BLOCKS = YES;
				GCC_OPTIMIZATION_LEVEL = 0;
				GCC_PREPROCESSOR_DEFINITIONS = (
					"DEBUG=1",
					"$(inherited)",
				);
				GCC_WARN_64_TO_32_BIT_CONVERSION = YES;
				GCC_WARN_ABOUT_RETURN_TYPE = YES_ERROR;
				GCC_WARN_UNDECLARED_SELECTOR = YES;
				GCC_WARN_UNINITIALIZED_AUTOS = YES_AGGRESSIVE;
				GCC_WARN_UNUSED_FUNCTION = YES;
				GCC_WARN_UNUSED_VARIABLE = YES;
				IPHONEOS_DEPLOYMENT_TARGET = 11.3;
				MTL_ENABLE_DEBUG_INFO = YES;
				ONLY_ACTIVE_ARCH = YES;
				SDKROOT = iphoneos;
				SWIFT_ACTIVE_COMPILATION_CONDITIONS = DEBUG;
				SWIFT_OPTIMIZATION_LEVEL = "-Onone";
			};
			name = Debug;
		};
		D9528319211032B200174DC9 /* Release */ = {
			isa = XCBuildConfiguration;
			buildSettings = {
				ALWAYS_SEARCH_USER_PATHS = NO;
				CLANG_ANALYZER_NONNULL = YES;
				CLANG_ANALYZER_NUMBER_OBJECT_CONVERSION = YES_AGGRESSIVE;
				CLANG_CXX_LANGUAGE_STANDARD = "gnu++14";
				CLANG_CXX_LIBRARY = "libc++";
				CLANG_ENABLE_MODULES = YES;
				CLANG_ENABLE_OBJC_ARC = YES;
				CLANG_ENABLE_OBJC_WEAK = YES;
				CLANG_WARN_BLOCK_CAPTURE_AUTORELEASING = YES;
				CLANG_WARN_BOOL_CONVERSION = YES;
				CLANG_WARN_COMMA = YES;
				CLANG_WARN_CONSTANT_CONVERSION = YES;
				CLANG_WARN_DEPRECATED_OBJC_IMPLEMENTATIONS = YES;
				CLANG_WARN_DIRECT_OBJC_ISA_USAGE = YES_ERROR;
				CLANG_WARN_DOCUMENTATION_COMMENTS = YES;
				CLANG_WARN_EMPTY_BODY = YES;
				CLANG_WARN_ENUM_CONVERSION = YES;
				CLANG_WARN_INFINITE_RECURSION = YES;
				CLANG_WARN_INT_CONVERSION = YES;
				CLANG_WARN_NON_LITERAL_NULL_CONVERSION = YES;
				CLANG_WARN_OBJC_IMPLICIT_RETAIN_SELF = YES;
				CLANG_WARN_OBJC_LITERAL_CONVERSION = YES;
				CLANG_WARN_OBJC_ROOT_CLASS = YES_ERROR;
				CLANG_WARN_RANGE_LOOP_ANALYSIS = YES;
				CLANG_WARN_STRICT_PROTOTYPES = YES;
				CLANG_WARN_SUSPICIOUS_MOVE = YES;
				CLANG_WARN_UNGUARDED_AVAILABILITY = YES_AGGRESSIVE;
				CLANG_WARN_UNREACHABLE_CODE = YES;
				CLANG_WARN__DUPLICATE_METHOD_MATCH = YES;
				CODE_SIGN_IDENTITY = "iPhone Developer";
				COPY_PHASE_STRIP = NO;
				DEBUG_INFORMATION_FORMAT = "dwarf-with-dsym";
				ENABLE_NS_ASSERTIONS = NO;
				ENABLE_STRICT_OBJC_MSGSEND = YES;
				GCC_C_LANGUAGE_STANDARD = gnu11;
				GCC_NO_COMMON_BLOCKS = YES;
				GCC_WARN_64_TO_32_BIT_CONVERSION = YES;
				GCC_WARN_ABOUT_RETURN_TYPE = YES_ERROR;
				GCC_WARN_UNDECLARED_SELECTOR = YES;
				GCC_WARN_UNINITIALIZED_AUTOS = YES_AGGRESSIVE;
				GCC_WARN_UNUSED_FUNCTION = YES;
				GCC_WARN_UNUSED_VARIABLE = YES;
				IPHONEOS_DEPLOYMENT_TARGET = 11.3;
				MTL_ENABLE_DEBUG_INFO = NO;
				SDKROOT = iphoneos;
				SWIFT_COMPILATION_MODE = wholemodule;
				SWIFT_OPTIMIZATION_LEVEL = "-O";
				VALIDATE_PRODUCT = YES;
			};
			name = Release;
		};
		D952831B211032B200174DC9 /* Debug */ = {
			isa = XCBuildConfiguration;
			buildSettings = {
				ASSETCATALOG_COMPILER_APPICON_NAME = AppIcon;
				CODE_SIGN_STYLE = Automatic;
				DEVELOPMENT_TEAM = 6T5VWP4FYV;
				INFOPLIST_FILE = "note saver/Info.plist";
				LD_RUNPATH_SEARCH_PATHS = (
					"$(inherited)",
					"@executable_path/Frameworks",
				);
				PRODUCT_BUNDLE_IDENTIFIER = "com.aidina.note-saver";
				PRODUCT_NAME = "$(TARGET_NAME)";
				SWIFT_VERSION = 4.0;
				TARGETED_DEVICE_FAMILY = 1;
			};
			name = Debug;
		};
		D952831C211032B200174DC9 /* Release */ = {
			isa = XCBuildConfiguration;
			buildSettings = {
				ASSETCATALOG_COMPILER_APPICON_NAME = AppIcon;
				CODE_SIGN_STYLE = Automatic;
				DEVELOPMENT_TEAM = 6T5VWP4FYV;
				INFOPLIST_FILE = "note saver/Info.plist";
				LD_RUNPATH_SEARCH_PATHS = (
					"$(inherited)",
					"@executable_path/Frameworks",
				);
				PRODUCT_BUNDLE_IDENTIFIER = "com.aidina.note-saver";
				PRODUCT_NAME = "$(TARGET_NAME)";
				SWIFT_VERSION = 4.0;
				TARGETED_DEVICE_FAMILY = 1;
			};
			name = Release;
		};
/* End XCBuildConfiguration section */

/* Begin XCConfigurationList section */
		D9528300211032B100174DC9 /* Build configuration list for PBXProject "note saver" */ = {
			isa = XCConfigurationList;
			buildConfigurations = (
				D9528318211032B200174DC9 /* Debug */,
				D9528319211032B200174DC9 /* Release */,
			);
			defaultConfigurationIsVisible = 0;
			defaultConfigurationName = Release;
		};
		D952831A211032B200174DC9 /* Build configuration list for PBXNativeTarget "note saver" */ = {
			isa = XCConfigurationList;
			buildConfigurations = (
				D952831B211032B200174DC9 /* Debug */,
				D952831C211032B200174DC9 /* Release */,
			);
			defaultConfigurationIsVisible = 0;
			defaultConfigurationName = Release;
		};
/* End XCConfigurationList section */

/* Begin XCVersionGroup section */
		D952830F211032B100174DC9 /* note_saver.xcdatamodeld */ = {
			isa = XCVersionGroup;
			children = (
				D9528310211032B100174DC9 /* note_saver.xcdatamodel */,
			);
			currentVersion = D9528310211032B100174DC9 /* note_saver.xcdatamodel */;
			path = note_saver.xcdatamodeld;
			sourceTree = "<group>";
			versionGroupType = wrapper.xcdatamodel;
		};
/* End XCVersionGroup section */
	};
	rootObject = D95282FD211032B100174DC9 /* Project object */;
}
